
Microsoft Visual Studio Solution File, Format Version 12.00
# Visual Studio Version 17
VisualStudioVersion = 17.7.34202.233
MinimumVisualStudioVersion = 10.0.40219.1
Project("{FAE04EC0-301F-11D3-BF4B-00C04F79EFBC}") = "fila02", "fila02.csproj", "{D3CA0E7D-F633-4DAA-8904-E5E77AC7BC25}"
EndProject
Global
	GlobalSection(SolutionConfigurationPlatforms) = preSolution
		Debug|Any CPU = Debug|Any CPU
		Release|Any CPU = Release|Any CPU
	EndGlobalSection
	GlobalSection(ProjectConfigurationPlatforms) = postSolution
		{D3CA0E7D-F633-4DAA-8904-E5E77AC7BC25}.Debug|Any CPU.ActiveCfg = Debug|Any CPU
		{D3CA0E7D-F633-4DAA-8904-E5E77AC7BC25}.Debug|Any CPU.Build.0 = Debug|Any CPU
		{D3CA0E7D-F633-4DAA-8904-E5E77AC7BC25}.Release|Any CPU.ActiveCfg = Release|Any CPU
		{D3CA0E7D-F633-4DAA-8904-E5E77AC7BC25}.Release|Any CPU.Build.0 = Release|Any CPU
	EndGlobalSection
	GlobalSection(SolutionProperties) = preSolution
		HideSolutionNode = FALSE
	EndGlobalSection
	GlobalSection(ExtensibilityGlobals) = postSolution
		SolutionGuid = {286C1F56-3BE6-4CD4-88BB-37A0E65E7610}
	EndGlobalSection
EndGlobal
